
Microsoft Visual Studio Solution File, Format Version 12.00
# Visual Studio 15
VisualStudioVersion = 15.0.28307.902
MinimumVisualStudioVersion = 10.0.40219.1
Project("{FAE04EC0-301F-11D3-BF4B-00C04F79EFBC}") = "FontesCustomizadas.Android", "FontesCustomizadas\FontesCustomizadas.Android\FontesCustomizadas.Android.csproj", "{9EAB65E9-1BC9-40AC-BF69-760A8D0B2CFB}"
EndProject
Project("{FAE04EC0-301F-11D3-BF4B-00C04F79EFBC}") = "FontesCustomizadas.iOS", "FontesCustomizadas\FontesCustomizadas.iOS\FontesCustomizadas.iOS.csproj", "{F6622B84-4D00-4E86-AABA-A38039CE4861}"
EndProject
Project("{FAE04EC0-301F-11D3-BF4B-00C04F79EFBC}") = "FontesCustomizadas.UWP", "FontesCustomizadas\FontesCustomizadas.UWP\FontesCustomizadas.UWP.csproj", "{B0C7243A-8026-4BE2-9226-DA220137A14F}"
EndProject
Project("{FAE04EC0-301F-11D3-BF4B-00C04F79EFBC}") = "FontesCustomizadas", "FontesCustomizadas\FontesCustomizadas\FontesCustomizadas.csproj", "{4E1639A3-EFFB-44FC-BE83-28633A293F4D}"
EndProject
Global
	GlobalSection(SolutionConfigurationPlatforms) = preSolution
		Ad-Hoc|Any CPU = Ad-Hoc|Any CPU
		Ad-Hoc|ARM = Ad-Hoc|ARM
		Ad-Hoc|iPhone = Ad-Hoc|iPhone
		Ad-Hoc|iPhoneSimulator = Ad-Hoc|iPhoneSimulator
		Ad-Hoc|x64 = Ad-Hoc|x64
		Ad-Hoc|x86 = Ad-Hoc|x86
		AppStore|Any CPU = AppStore|Any CPU
		AppStore|ARM = AppStore|ARM
		AppStore|iPhone = AppStore|iPhone
		AppStore|iPhoneSimulator = AppStore|iPhoneSimulator
		AppStore|x64 = AppStore|x64
		AppStore|x86 = AppStore|x86
		Debug|Any CPU = Debug|Any CPU
		Debug|ARM = Debug|ARM
		Debug|iPhone = Debug|iPhone
		Debug|iPhoneSimulator = Debug|iPhoneSimulator
		Debug|x64 = Debug|x64
		Debug|x86 = Debug|x86
		Release|Any CPU = Release|Any CPU
		Release|ARM = Release|ARM
		Release|iPhone = Release|iPhone
		Release|iPhoneSimulator = Release|iPhoneSimulator
		Release|x64 = Release|x64
		Release|x86 = Release|x86
	EndGlobalSection
	GlobalSection(ProjectConfigurationPlatforms) = postSolution
		{9EAB65E9-1BC9-40AC-BF69-760A8D0B2CFB}.Ad-Hoc|Any CPU.ActiveCfg = Release|Any CPU
		{9EAB65E9-1BC9-40AC-BF69-760A8D0B2CFB}.Ad-Hoc|Any CPU.Build.0 = Release|Any CPU
		{9EAB65E9-1BC9-40AC-BF69-760A8D0B2CFB}.Ad-Hoc|Any CPU.Deploy.0 = Release|Any CPU
		{9EAB65E9-1BC9-40AC-BF69-760A8D0B2CFB}.Ad-Hoc|ARM.ActiveCfg = Release|Any CPU
		{9EAB65E9-1BC9-40AC-BF69-760A8D0B2CFB}.Ad-Hoc|ARM.Build.0 = Release|Any CPU
		{9EAB65E9-1BC9-40AC-BF69-760A8D0B2CFB}.Ad-Hoc|ARM.Deploy.0 = Release|Any CPU
		{9EAB65E9-1BC9-40AC-BF69-760A8D0B2CFB}.Ad-Hoc|iPhone.ActiveCfg = Release|Any CPU
		{9EAB65E9-1BC9-40AC-BF69-760A8D0B2CFB}.Ad-Hoc|iPhone.Build.0 = Release|Any CPU
		{9EAB65E9-1BC9-40AC-BF69-760A8D0B2CFB}.Ad-Hoc|iPhone.Deploy.0 = Release|Any CPU
		{9EAB65E9-1BC9-40AC-BF69-760A8D0B2CFB}.Ad-Hoc|iPhoneSimulator.ActiveCfg = Release|Any CPU
		{9EAB65E9-1BC9-40AC-BF69-760A8D0B2CFB}.Ad-Hoc|iPhoneSimulator.Build.0 = Release|Any CPU
		{9EAB65E9-1BC9-40AC-BF69-760A8D0B2CFB}.Ad-Hoc|iPhoneSimulator.Deploy.0 = Release|Any CPU
		{9EAB65E9-1BC9-40AC-BF69-760A8D0B2CFB}.Ad-Hoc|x64.ActiveCfg = Release|Any CPU
		{9EAB65E9-1BC9-40AC-BF69-760A8D0B2CFB}.Ad-Hoc|x64.Build.0 = Release|Any CPU
		{9EAB65E9-1BC9-40AC-BF69-760A8D0B2CFB}.Ad-Hoc|x64.Deploy.0 = Release|Any CPU
		{9EAB65E9-1BC9-40AC-BF69-760A8D0B2CFB}.Ad-Hoc|x86.ActiveCfg = Release|Any CPU
		{9EAB65E9-1BC9-40AC-BF69-760A8D0B2CFB}.Ad-Hoc|x86.Build.0 = Release|Any CPU
		{9EAB65E9-1BC9-40AC-BF69-760A8D0B2CFB}.Ad-Hoc|x86.Deploy.0 = Release|Any CPU
		{9EAB65E9-1BC9-40AC-BF69-760A8D0B2CFB}.AppStore|Any CPU.ActiveCfg = Release|Any CPU
		{9EAB65E9-1BC9-40AC-BF69-760A8D0B2CFB}.AppStore|Any CPU.Build.0 = Release|Any CPU
		{9EAB65E9-1BC9-40AC-BF69-760A8D0B2CFB}.AppStore|Any CPU.Deploy.0 = Release|Any CPU
		{9EAB65E9-1BC9-40AC-BF69-760A8D0B2CFB}.AppStore|ARM.ActiveCfg = Release|Any CPU
		{9EAB65E9-1BC9-40AC-BF69-760A8D0B2CFB}.AppStore|ARM.Build.0 = Release|Any CPU
		{9EAB65E9-1BC9-40AC-BF69-760A8D0B2CFB}.AppStore|ARM.Deploy.0 = Release|Any CPU
		{9EAB65E9-1BC9-40AC-BF69-760A8D0B2CFB}.AppStore|iPhone.ActiveCfg = Release|Any CPU
		{9EAB65E9-1BC9-40AC-BF69-760A8D0B2CFB}.AppStore|iPhone.Build.0 = Release|Any CPU
		{9EAB65E9-1BC9-40AC-BF69-760A8D0B2CFB}.AppStore|iPhone.Deploy.0 = Release|Any CPU
		{9EAB65E9-1BC9-40AC-BF69-760A8D0B2CFB}.AppStore|iPhoneSimulator.ActiveCfg = Release|Any CPU
		{9EAB65E9-1BC9-40AC-BF69-760A8D0B2CFB}.AppStore|iPhoneSimulator.Build.0 = Release|Any CPU
		{9EAB65E9-1BC9-40AC-BF69-760A8D0B2CFB}.AppStore|iPhoneSimulator.Deploy.0 = Release|Any CPU
		{9EAB65E9-1BC9-40AC-BF69-760A8D0B2CFB}.AppStore|x64.ActiveCfg = Release|Any CPU
		{9EAB65E9-1BC9-40AC-BF69-760A8D0B2CFB}.AppStore|x64.Build.0 = Release|Any CPU
		{9EAB65E9-1BC9-40AC-BF69-760A8D0B2CFB}.AppStore|x64.Deploy.0 = Release|Any CPU
		{9EAB65E9-1BC9-40AC-BF69-760A8D0B2CFB}.AppStore|x86.ActiveCfg = Release|Any CPU
		{9EAB65E9-1BC9-40AC-BF69-760A8D0B2CFB}.AppStore|x86.Build.0 = Release|Any CPU
		{9EAB65E9-1BC9-40AC-BF69-760A8D0B2CFB}.AppStore|x86.Deploy.0 = Release|Any CPU
		{9EAB65E9-1BC9-40AC-BF69-760A8D0B2CFB}.Debug|Any CPU.ActiveCfg = Debug|Any CPU
		{9EAB65E9-1BC9-40AC-BF69-760A8D0B2CFB}.Debug|Any CPU.Build.0 = Debug|Any CPU
		{9EAB65E9-1BC9-40AC-BF69-760A8D0B2CFB}.Debug|Any CPU.Deploy.0 = Debug|Any CPU
		{9EAB65E9-1BC9-40AC-BF69-760A8D0B2CFB}.Debug|ARM.ActiveCfg = Debug|Any CPU
		{9EAB65E9-1BC9-40AC-BF69-760A8D0B2CFB}.Debug|ARM.Build.0 = Debug|Any CPU
		{9EAB65E9-1BC9-40AC-BF69-760A8D0B2CFB}.Debug|ARM.Deploy.0 = Debug|Any CPU
		{9EAB65E9-1BC9-40AC-BF69-760A8D0B2CFB}.Debug|iPhone.ActiveCfg = Debug|Any CPU
		{9EAB65E9-1BC9-40AC-BF69-760A8D0B2CFB}.Debug|iPhone.Build.0 = Debug|Any CPU
		{9EAB65E9-1BC9-40AC-BF69-760A8D0B2CFB}.Debug|iPhone.Deploy.0 = Debug|Any CPU
		{9EAB65E9-1BC9-40AC-BF69-760A8D0B2CFB}.Debug|iPhoneSimulator.ActiveCfg = Debug|Any CPU
		{9EAB65E9-1BC9-40AC-BF69-760A8D0B2CFB}.Debug|iPhoneSimulator.Build.0 = Debug|Any CPU
		{9EAB65E9-1BC9-40AC-BF69-760A8D0B2CFB}.Debug|iPhoneSimulator.Deploy.0 = Debug|Any CPU
		{9EAB65E9-1BC9-40AC-BF69-760A8D0B2CFB}.Debug|x64.ActiveCfg = Debug|Any CPU
		{9EAB65E9-1BC9-40AC-BF69-760A8D0B2CFB}.Debug|x64.Build.0 = Debug|Any CPU
		{9EAB65E9-1BC9-40AC-BF69-760A8D0B2CFB}.Debug|x64.Deploy.0 = Debug|Any CPU
		{9EAB65E9-1BC9-40AC-BF69-760A8D0B2CFB}.Debug|x86.ActiveCfg = Debug|Any CPU
		{9EAB65E9-1BC9-40AC-BF69-760A8D0B2CFB}.Debug|x86.Build.0 = Debug|Any CPU
		{9EAB65E9-1BC9-40AC-BF69-760A8D0B2CFB}.Debug|x86.Deploy.0 = Debug|Any CPU
		{9EAB65E9-1BC9-40AC-BF69-760A8D0B2CFB}.Release|Any CPU.ActiveCfg = Release|Any CPU
		{9EAB65E9-1BC9-40AC-BF69-760A8D0B2CFB}.Release|Any CPU.Build.0 = Release|Any CPU
		{9EAB65E9-1BC9-40AC-BF69-760A8D0B2CFB}.Release|Any CPU.Deploy.0 = Release|Any CPU
		{9EAB65E9-1BC9-40AC-BF69-760A8D0B2CFB}.Release|ARM.ActiveCfg = Release|Any CPU
		{9EAB65E9-1BC9-40AC-BF69-760A8D0B2CFB}.Release|ARM.Build.0 = Release|Any CPU
		{9EAB65E9-1BC9-40AC-BF69-760A8D0B2CFB}.Release|ARM.Deploy.0 = Release|Any CPU
		{9EAB65E9-1BC9-40AC-BF69-760A8D0B2CFB}.Release|iPhone.ActiveCfg = Release|Any CPU
		{9EAB65E9-1BC9-40AC-BF69-760A8D0B2CFB}.Release|iPhone.Build.0 = Release|Any CPU
		{9EAB65E9-1BC9-40AC-BF69-760A8D0B2CFB}.Release|iPhone.Deploy.0 = Release|Any CPU
		{9EAB65E9-1BC9-40AC-BF69-760A8D0B2CFB}.Release|iPhoneSimulator.ActiveCfg = Release|Any CPU
		{9EAB65E9-1BC9-40AC-BF69-760A8D0B2CFB}.Release|iPhoneSimulator.Build.0 = Release|Any CPU
		{9EAB65E9-1BC9-40AC-BF69-760A8D0B2CFB}.Release|iPhoneSimulator.Deploy.0 = Release|Any CPU
		{9EAB65E9-1BC9-40AC-BF69-760A8D0B2CFB}.Release|x64.ActiveCfg = Release|Any CPU
		{9EAB65E9-1BC9-40AC-BF69-760A8D0B2CFB}.Release|x64.Build.0 = Release|Any CPU
		{9EAB65E9-1BC9-40AC-BF69-760A8D0B2CFB}.Release|x64.Deploy.0 = Release|Any CPU
		{9EAB65E9-1BC9-40AC-BF69-760A8D0B2CFB}.Release|x86.ActiveCfg = Release|Any CPU
		{9EAB65E9-1BC9-40AC-BF69-760A8D0B2CFB}.Release|x86.Build.0 = Release|Any CPU
		{9EAB65E9-1BC9-40AC-BF69-760A8D0B2CFB}.Release|x86.Deploy.0 = Release|Any CPU
		{F6622B84-4D00-4E86-AABA-A38039CE4861}.Ad-Hoc|Any CPU.ActiveCfg = Ad-Hoc|iPhone
		{F6622B84-4D00-4E86-AABA-A38039CE4861}.Ad-Hoc|Any CPU.Build.0 = Ad-Hoc|iPhone
		{F6622B84-4D00-4E86-AABA-A38039CE4861}.Ad-Hoc|Any CPU.Deploy.0 = Ad-Hoc|iPhone
		{F6622B84-4D00-4E86-AABA-A38039CE4861}.Ad-Hoc|ARM.ActiveCfg = Ad-Hoc|iPhone
		{F6622B84-4D00-4E86-AABA-A38039CE4861}.Ad-Hoc|ARM.Build.0 = Ad-Hoc|iPhone
		{F6622B84-4D00-4E86-AABA-A38039CE4861}.Ad-Hoc|ARM.Deploy.0 = Ad-Hoc|iPhone
		{F6622B84-4D00-4E86-AABA-A38039CE4861}.Ad-Hoc|iPhone.ActiveCfg = Ad-Hoc|iPhone
		{F6622B84-4D00-4E86-AABA-A38039CE4861}.Ad-Hoc|iPhone.Build.0 = Ad-Hoc|iPhone
		{F6622B84-4D00-4E86-AABA-A38039CE4861}.Ad-Hoc|iPhone.Deploy.0 = Ad-Hoc|iPhone
		{F6622B84-4D00-4E86-AABA-A38039CE4861}.Ad-Hoc|iPhoneSimulator.ActiveCfg = Ad-Hoc|iPhoneSimulator
		{F6622B84-4D00-4E86-AABA-A38039CE4861}.Ad-Hoc|iPhoneSimulator.Build.0 = Ad-Hoc|iPhoneSimulator
		{F6622B84-4D00-4E86-AABA-A38039CE4861}.Ad-Hoc|iPhoneSimulator.Deploy.0 = Ad-Hoc|iPhoneSimulator
		{F6622B84-4D00-4E86-AABA-A38039CE4861}.Ad-Hoc|x64.ActiveCfg = Ad-Hoc|iPhone
		{F6622B84-4D00-4E86-AABA-A38039CE4861}.Ad-Hoc|x64.Build.0 = Ad-Hoc|iPhone
		{F6622B84-4D00-4E86-AABA-A38039CE4861}.Ad-Hoc|x64.Deploy.0 = Ad-Hoc|iPhone
		{F6622B84-4D00-4E86-AABA-A38039CE4861}.Ad-Hoc|x86.ActiveCfg = Ad-Hoc|iPhone
		{F6622B84-4D00-4E86-AABA-A38039CE4861}.Ad-Hoc|x86.Build.0 = Ad-Hoc|iPhone
		{F6622B84-4D00-4E86-AABA-A38039CE4861}.Ad-Hoc|x86.Deploy.0 = Ad-Hoc|iPhone
		{F6622B84-4D00-4E86-AABA-A38039CE4861}.AppStore|Any CPU.ActiveCfg = AppStore|iPhone
		{F6622B84-4D00-4E86-AABA-A38039CE4861}.AppStore|Any CPU.Build.0 = AppStore|iPhone
		{F6622B84-4D00-4E86-AABA-A38039CE4861}.AppStore|Any CPU.Deploy.0 = AppStore|iPhone
		{F6622B84-4D00-4E86-AABA-A38039CE4861}.AppStore|ARM.ActiveCfg = AppStore|iPhone
		{F6622B84-4D00-4E86-AABA-A38039CE4861}.AppStore|ARM.Build.0 = AppStore|iPhone
		{F6622B84-4D00-4E86-AABA-A38039CE4861}.AppStore|ARM.Deploy.0 = AppStore|iPhone
		{F6622B84-4D00-4E86-AABA-A38039CE4861}.AppStore|iPhone.ActiveCfg = AppStore|iPhone
		{F6622B84-4D00-4E86-AABA-A38039CE4861}.AppStore|iPhone.Build.0 = AppStore|iPhone
		{F6622B84-4D00-4E86-AABA-A38039CE4861}.AppStore|iPhone.Deploy.0 = AppStore|iPhone
		{F6622B84-4D00-4E86-AABA-A38039CE4861}.AppStore|iPhoneSimulator.ActiveCfg = AppStore|iPhoneSimulator
		{F6622B84-4D00-4E86-AABA-A38039CE4861}.AppStore|iPhoneSimulator.Build.0 = AppStore|iPhoneSimulator
		{F6622B84-4D00-4E86-AABA-A38039CE4861}.AppStore|iPhoneSimulator.Deploy.0 = AppStore|iPhoneSimulator
		{F6622B84-4D00-4E86-AABA-A38039CE4861}.AppStore|x64.ActiveCfg = AppStore|iPhone
		{F6622B84-4D00-4E86-AABA-A38039CE4861}.AppStore|x64.Build.0 = AppStore|iPhone
		{F6622B84-4D00-4E86-AABA-A38039CE4861}.AppStore|x64.Deploy.0 = AppStore|iPhone
		{F6622B84-4D00-4E86-AABA-A38039CE4861}.AppStore|x86.ActiveCfg = AppStore|iPhone
		{F6622B84-4D00-4E86-AABA-A38039CE4861}.AppStore|x86.Build.0 = AppStore|iPhone
		{F6622B84-4D00-4E86-AABA-A38039CE4861}.AppStore|x86.Deploy.0 = AppStore|iPhone
		{F6622B84-4D00-4E86-AABA-A38039CE4861}.Debug|Any CPU.ActiveCfg = Debug|iPhoneSimulator
		{F6622B84-4D00-4E86-AABA-A38039CE4861}.Debug|Any CPU.Build.0 = Debug|iPhoneSimulator
		{F6622B84-4D00-4E86-AABA-A38039CE4861}.Debug|Any CPU.Deploy.0 = Debug|iPhoneSimulator
		{F6622B84-4D00-4E86-AABA-A38039CE4861}.Debug|ARM.ActiveCfg = Debug|iPhone
		{F6622B84-4D00-4E86-AABA-A38039CE4861}.Debug|ARM.Build.0 = Debug|iPhone
		{F6622B84-4D00-4E86-AABA-A38039CE4861}.Debug|ARM.Deploy.0 = Debug|iPhone
		{F6622B84-4D00-4E86-AABA-A38039CE4861}.Debug|iPhone.ActiveCfg = Debug|iPhone
		{F6622B84-4D00-4E86-AABA-A38039CE4861}.Debug|iPhone.Build.0 = Debug|iPhone
		{F6622B84-4D00-4E86-AABA-A38039CE4861}.Debug|iPhone.Deploy.0 = Debug|iPhone
		{F6622B84-4D00-4E86-AABA-A38039CE4861}.Debug|iPhoneSimulator.ActiveCfg = Debug|iPhoneSimulator
		{F6622B84-4D00-4E86-AABA-A38039CE4861}.Debug|iPhoneSimulator.Build.0 = Debug|iPhoneSimulator
		{F6622B84-4D00-4E86-AABA-A38039CE4861}.Debug|iPhoneSimulator.Deploy.0 = Debug|iPhoneSimulator
		{F6622B84-4D00-4E86-AABA-A38039CE4861}.Debug|x64.ActiveCfg = Debug|iPhone
		{F6622B84-4D00-4E86-AABA-A38039CE4861}.Debug|x64.Build.0 = Debug|iPhone
		{F6622B84-4D00-4E86-AABA-A38039CE4861}.Debug|x64.Deploy.0 = Debug|iPhone
		{F6622B84-4D00-4E86-AABA-A38039CE4861}.Debug|x86.ActiveCfg = Debug|iPhone
		{F6622B84-4D00-4E86-AABA-A38039CE4861}.Debug|x86.Build.0 = Debug|iPhone
		{F6622B84-4D00-4E86-AABA-A38039CE4861}.Debug|x86.Deploy.0 = Debug|iPhone
		{F6622B84-4D00-4E86-AABA-A38039CE4861}.Release|Any CPU.ActiveCfg = Release|iPhone
		{F6622B84-4D00-4E86-AABA-A38039CE4861}.Release|Any CPU.Build.0 = Release|iPhone
		{F6622B84-4D00-4E86-AABA-A38039CE4861}.Release|Any CPU.Deploy.0 = Release|iPhone
		{F6622B84-4D00-4E86-AABA-A38039CE4861}.Release|ARM.ActiveCfg = Release|iPhone
		{F6622B84-4D00-4E86-AABA-A38039CE4861}.Release|ARM.Build.0 = Release|iPhone
		{F6622B84-4D00-4E86-AABA-A38039CE4861}.Release|ARM.Deploy.0 = Release|iPhone
		{F6622B84-4D00-4E86-AABA-A38039CE4861}.Release|iPhone.ActiveCfg = Release|iPhone
		{F6622B84-4D00-4E86-AABA-A38039CE4861}.Release|iPhone.Build.0 = Release|iPhone
		{F6622B84-4D00-4E86-AABA-A38039CE4861}.Release|iPhone.Deploy.0 = Release|iPhone
		{F6622B84-4D00-4E86-AABA-A38039CE4861}.Release|iPhoneSimulator.ActiveCfg = Release|iPhoneSimulator
		{F6622B84-4D00-4E86-AABA-A38039CE4861}.Release|iPhoneSimulator.Build.0 = Release|iPhoneSimulator
		{F6622B84-4D00-4E86-AABA-A38039CE4861}.Release|iPhoneSimulator.Deploy.0 = Release|iPhoneSimulator
		{F6622B84-4D00-4E86-AABA-A38039CE4861}.Release|x64.ActiveCfg = Release|iPhone
		{F6622B84-4D00-4E86-AABA-A38039CE4861}.Release|x64.Build.0 = Release|iPhone
		{F6622B84-4D00-4E86-AABA-A38039CE4861}.Release|x64.Deploy.0 = Release|iPhone
		{F6622B84-4D00-4E86-AABA-A38039CE4861}.Release|x86.ActiveCfg = Release|iPhone
		{F6622B84-4D00-4E86-AABA-A38039CE4861}.Release|x86.Build.0 = Release|iPhone
		{F6622B84-4D00-4E86-AABA-A38039CE4861}.Release|x86.Deploy.0 = Release|iPhone
		{B0C7243A-8026-4BE2-9226-DA220137A14F}.Ad-Hoc|Any CPU.ActiveCfg = Release|x86
		{B0C7243A-8026-4BE2-9226-DA220137A14F}.Ad-Hoc|Any CPU.Build.0 = Release|x86
		{B0C7243A-8026-4BE2-9226-DA220137A14F}.Ad-Hoc|Any CPU.Deploy.0 = Release|x86
		{B0C7243A-8026-4BE2-9226-DA220137A14F}.Ad-Hoc|ARM.ActiveCfg = Release|ARM
		{B0C7243A-8026-4BE2-9226-DA220137A14F}.Ad-Hoc|ARM.Build.0 = Release|ARM
		{B0C7243A-8026-4BE2-9226-DA220137A14F}.Ad-Hoc|ARM.Deploy.0 = Release|ARM
		{B0C7243A-8026-4BE2-9226-DA220137A14F}.Ad-Hoc|iPhone.ActiveCfg = Release|x86
		{B0C7243A-8026-4BE2-9226-DA220137A14F}.Ad-Hoc|iPhone.Build.0 = Release|x86
		{B0C7243A-8026-4BE2-9226-DA220137A14F}.Ad-Hoc|iPhone.Deploy.0 = Release|x86
		{B0C7243A-8026-4BE2-9226-DA220137A14F}.Ad-Hoc|iPhoneSimulator.ActiveCfg = Release|x86
		{B0C7243A-8026-4BE2-9226-DA220137A14F}.Ad-Hoc|iPhoneSimulator.Build.0 = Release|x86
		{B0C7243A-8026-4BE2-9226-DA220137A14F}.Ad-Hoc|iPhoneSimulator.Deploy.0 = Release|x86
		{B0C7243A-8026-4BE2-9226-DA220137A14F}.Ad-Hoc|x64.ActiveCfg = Release|x64
		{B0C7243A-8026-4BE2-9226-DA220137A14F}.Ad-Hoc|x64.Build.0 = Release|x64
		{B0C7243A-8026-4BE2-9226-DA220137A14F}.Ad-Hoc|x64.Deploy.0 = Release|x64
		{B0C7243A-8026-4BE2-9226-DA220137A14F}.Ad-Hoc|x86.ActiveCfg = Release|x86
		{B0C7243A-8026-4BE2-9226-DA220137A14F}.Ad-Hoc|x86.Build.0 = Release|x86
		{B0C7243A-8026-4BE2-9226-DA220137A14F}.Ad-Hoc|x86.Deploy.0 = Release|x86
		{B0C7243A-8026-4BE2-9226-DA220137A14F}.AppStore|Any CPU.ActiveCfg = Release|x86
		{B0C7243A-8026-4BE2-9226-DA220137A14F}.AppStore|Any CPU.Build.0 = Release|x86
		{B0C7243A-8026-4BE2-9226-DA220137A14F}.AppStore|Any CPU.Deploy.0 = Release|x86
		{B0C7243A-8026-4BE2-9226-DA220137A14F}.AppStore|ARM.ActiveCfg = Release|ARM
		{B0C7243A-8026-4BE2-9226-DA220137A14F}.AppStore|ARM.Build.0 = Release|ARM
		{B0C7243A-8026-4BE2-9226-DA220137A14F}.AppStore|ARM.Deploy.0 = Release|ARM
		{B0C7243A-8026-4BE2-9226-DA220137A14F}.AppStore|iPhone.ActiveCfg = Release|x86
		{B0C7243A-8026-4BE2-9226-DA220137A14F}.AppStore|iPhone.Build.0 = Release|x86
		{B0C7243A-8026-4BE2-9226-DA220137A14F}.AppStore|iPhone.Deploy.0 = Release|x86
		{B0C7243A-8026-4BE2-9226-DA220137A14F}.AppStore|iPhoneSimulator.ActiveCfg = Release|x86
		{B0C7243A-8026-4BE2-9226-DA220137A14F}.AppStore|iPhoneSimulator.Build.0 = Release|x86
		{B0C7243A-8026-4BE2-9226-DA220137A14F}.AppStore|iPhoneSimulator.Deploy.0 = Release|x86
		{B0C7243A-8026-4BE2-9226-DA220137A14F}.AppStore|x64.ActiveCfg = Release|x64
		{B0C7243A-8026-4BE2-9226-DA220137A14F}.AppStore|x64.Build.0 = Release|x64
		{B0C7243A-8026-4BE2-9226-DA220137A14F}.AppStore|x64.Deploy.0 = Release|x64
		{B0C7243A-8026-4BE2-9226-DA220137A14F}.AppStore|x86.ActiveCfg = Release|x86
		{B0C7243A-8026-4BE2-9226-DA220137A14F}.AppStore|x86.Build.0 = Release|x86
		{B0C7243A-8026-4BE2-9226-DA220137A14F}.AppStore|x86.Deploy.0 = Release|x86
		{B0C7243A-8026-4BE2-9226-DA220137A14F}.Debug|Any CPU.ActiveCfg = Debug|x86
		{B0C7243A-8026-4BE2-9226-DA220137A14F}.Debug|Any CPU.Build.0 = Debug|x86
		{B0C7243A-8026-4BE2-9226-DA220137A14F}.Debug|Any CPU.Deploy.0 = Debug|x86
		{B0C7243A-8026-4BE2-9226-DA220137A14F}.Debug|ARM.ActiveCfg = Debug|ARM
		{B0C7243A-8026-4BE2-9226-DA220137A14F}.Debug|ARM.Build.0 = Debug|ARM
		{B0C7243A-8026-4BE2-9226-DA220137A14F}.Debug|ARM.Deploy.0 = Debug|ARM
		{B0C7243A-8026-4BE2-9226-DA220137A14F}.Debug|iPhone.ActiveCfg = Debug|x86
		{B0C7243A-8026-4BE2-9226-DA220137A14F}.Debug|iPhone.Build.0 = Debug|x86
		{B0C7243A-8026-4BE2-9226-DA220137A14F}.Debug|iPhone.Deploy.0 = Debug|x86
		{B0C7243A-8026-4BE2-9226-DA220137A14F}.Debug|iPhoneSimulator.ActiveCfg = Debug|x86
		{B0C7243A-8026-4BE2-9226-DA220137A14F}.Debug|iPhoneSimulator.Build.0 = Debug|x86
		{B0C7243A-8026-4BE2-9226-DA220137A14F}.Debug|iPhoneSimulator.Deploy.0 = Debug|x86
		{B0C7243A-8026-4BE2-9226-DA220137A14F}.Debug|x64.ActiveCfg = Debug|x64
		{B0C7243A-8026-4BE2-9226-DA220137A14F}.Debug|x64.Build.0 = Debug|x64
		{B0C7243A-8026-4BE2-9226-DA220137A14F}.Debug|x64.Deploy.0 = Debug|x64
		{B0C7243A-8026-4BE2-9226-DA220137A14F}.Debug|x86.ActiveCfg = Debug|x86
		{B0C7243A-8026-4BE2-9226-DA220137A14F}.Debug|x86.Build.0 = Debug|x86
		{B0C7243A-8026-4BE2-9226-DA220137A14F}.Debug|x86.Deploy.0 = Debug|x86
		{B0C7243A-8026-4BE2-9226-DA220137A14F}.Release|Any CPU.ActiveCfg = Release|x86
		{B0C7243A-8026-4BE2-9226-DA220137A14F}.Release|Any CPU.Build.0 = Release|x86
		{B0C7243A-8026-4BE2-9226-DA220137A14F}.Release|Any CPU.Deploy.0 = Release|x86
		{B0C7243A-8026-4BE2-9226-DA220137A14F}.Release|ARM.ActiveCfg = Release|ARM
		{B0C7243A-8026-4BE2-9226-DA220137A14F}.Release|ARM.Build.0 = Release|ARM
		{B0C7243A-8026-4BE2-9226-DA220137A14F}.Release|ARM.Deploy.0 = Release|ARM
		{B0C7243A-8026-4BE2-9226-DA220137A14F}.Release|iPhone.ActiveCfg = Release|x86
		{B0C7243A-8026-4BE2-9226-DA220137A14F}.Release|iPhone.Build.0 = Release|x86
		{B0C7243A-8026-4BE2-9226-DA220137A14F}.Release|iPhone.Deploy.0 = Release|x86
		{B0C7243A-8026-4BE2-9226-DA220137A14F}.Release|iPhoneSimulator.ActiveCfg = Release|x86
		{B0C7243A-8026-4BE2-9226-DA220137A14F}.Release|iPhoneSimulator.Build.0 = Release|x86
		{B0C7243A-8026-4BE2-9226-DA220137A14F}.Release|iPhoneSimulator.Deploy.0 = Release|x86
		{B0C7243A-8026-4BE2-9226-DA220137A14F}.Release|x64.ActiveCfg = Release|x64
		{B0C7243A-8026-4BE2-9226-DA220137A14F}.Release|x64.Build.0 = Release|x64
		{B0C7243A-8026-4BE2-9226-DA220137A14F}.Release|x64.Deploy.0 = Release|x64
		{B0C7243A-8026-4BE2-9226-DA220137A14F}.Release|x86.ActiveCfg = Release|x86
		{B0C7243A-8026-4BE2-9226-DA220137A14F}.Release|x86.Build.0 = Release|x86
		{B0C7243A-8026-4BE2-9226-DA220137A14F}.Release|x86.Deploy.0 = Release|x86
		{4E1639A3-EFFB-44FC-BE83-28633A293F4D}.Ad-Hoc|Any CPU.ActiveCfg = Debug|Any CPU
		{4E1639A3-EFFB-44FC-BE83-28633A293F4D}.Ad-Hoc|Any CPU.Build.0 = Debug|Any CPU
		{4E1639A3-EFFB-44FC-BE83-28633A293F4D}.Ad-Hoc|Any CPU.Deploy.0 = Debug|Any CPU
		{4E1639A3-EFFB-44FC-BE83-28633A293F4D}.Ad-Hoc|ARM.ActiveCfg = Debug|Any CPU
		{4E1639A3-EFFB-44FC-BE83-28633A293F4D}.Ad-Hoc|ARM.Build.0 = Debug|Any CPU
		{4E1639A3-EFFB-44FC-BE83-28633A293F4D}.Ad-Hoc|ARM.Deploy.0 = Debug|Any CPU
		{4E1639A3-EFFB-44FC-BE83-28633A293F4D}.Ad-Hoc|iPhone.ActiveCfg = Debug|Any CPU
		{4E1639A3-EFFB-44FC-BE83-28633A293F4D}.Ad-Hoc|iPhone.Build.0 = Debug|Any CPU
		{4E1639A3-EFFB-44FC-BE83-28633A293F4D}.Ad-Hoc|iPhone.Deploy.0 = Debug|Any CPU
		{4E1639A3-EFFB-44FC-BE83-28633A293F4D}.Ad-Hoc|iPhoneSimulator.ActiveCfg = Debug|Any CPU
		{4E1639A3-EFFB-44FC-BE83-28633A293F4D}.Ad-Hoc|iPhoneSimulator.Build.0 = Debug|Any CPU
		{4E1639A3-EFFB-44FC-BE83-28633A293F4D}.Ad-Hoc|iPhoneSimulator.Deploy.0 = Debug|Any CPU
		{4E1639A3-EFFB-44FC-BE83-28633A293F4D}.Ad-Hoc|x64.ActiveCfg = Debug|Any CPU
		{4E1639A3-EFFB-44FC-BE83-28633A293F4D}.Ad-Hoc|x64.Build.0 = Debug|Any CPU
		{4E1639A3-EFFB-44FC-BE83-28633A293F4D}.Ad-Hoc|x64.Deploy.0 = Debug|Any CPU
		{4E1639A3-EFFB-44FC-BE83-28633A293F4D}.Ad-Hoc|x86.ActiveCfg = Debug|Any CPU
		{4E1639A3-EFFB-44FC-BE83-28633A293F4D}.Ad-Hoc|x86.Build.0 = Debug|Any CPU
		{4E1639A3-EFFB-44FC-BE83-28633A293F4D}.Ad-Hoc|x86.Deploy.0 = Debug|Any CPU
		{4E1639A3-EFFB-44FC-BE83-28633A293F4D}.AppStore|Any CPU.ActiveCfg = Debug|Any CPU
		{4E1639A3-EFFB-44FC-BE83-28633A293F4D}.AppStore|Any CPU.Build.0 = Debug|Any CPU
		{4E1639A3-EFFB-44FC-BE83-28633A293F4D}.AppStore|Any CPU.Deploy.0 = Debug|Any CPU
		{4E1639A3-EFFB-44FC-BE83-28633A293F4D}.AppStore|ARM.ActiveCfg = Debug|Any CPU
		{4E1639A3-EFFB-44FC-BE83-28633A293F4D}.AppStore|ARM.Build.0 = Debug|Any CPU
		{4E1639A3-EFFB-44FC-BE83-28633A293F4D}.AppStore|ARM.Deploy.0 = Debug|Any CPU
		{4E1639A3-EFFB-44FC-BE83-28633A293F4D}.AppStore|iPhone.ActiveCfg = Debug|Any CPU
		{4E1639A3-EFFB-44FC-BE83-28633A293F4D}.AppStore|iPhone.Build.0 = Debug|Any CPU
		{4E1639A3-EFFB-44FC-BE83-28633A293F4D}.AppStore|iPhone.Deploy.0 = Debug|Any CPU
		{4E1639A3-EFFB-44FC-BE83-28633A293F4D}.AppStore|iPhoneSimulator.ActiveCfg = Debug|Any CPU
		{4E1639A3-EFFB-44FC-BE83-28633A293F4D}.AppStore|iPhoneSimulator.Build.0 = Debug|Any CPU
		{4E1639A3-EFFB-44FC-BE83-28633A293F4D}.AppStore|iPhoneSimulator.Deploy.0 = Debug|Any CPU
		{4E1639A3-EFFB-44FC-BE83-28633A293F4D}.AppStore|x64.ActiveCfg = Debug|Any CPU
		{4E1639A3-EFFB-44FC-BE83-28633A293F4D}.AppStore|x64.Build.0 = Debug|Any CPU
		{4E1639A3-EFFB-44FC-BE83-28633A293F4D}.AppStore|x64.Deploy.0 = Debug|Any CPU
		{4E1639A3-EFFB-44FC-BE83-28633A293F4D}.AppStore|x86.ActiveCfg = Debug|Any CPU
		{4E1639A3-EFFB-44FC-BE83-28633A293F4D}.AppStore|x86.Build.0 = Debug|Any CPU
		{4E1639A3-EFFB-44FC-BE83-28633A293F4D}.AppStore|x86.Deploy.0 = Debug|Any CPU
		{4E1639A3-EFFB-44FC-BE83-28633A293F4D}.Debug|Any CPU.ActiveCfg = Debug|Any CPU
		{4E1639A3-EFFB-44FC-BE83-28633A293F4D}.Debug|Any CPU.Build.0 = Debug|Any CPU
		{4E1639A3-EFFB-44FC-BE83-28633A293F4D}.Debug|Any CPU.Deploy.0 = Debug|Any CPU
		{4E1639A3-EFFB-44FC-BE83-28633A293F4D}.Debug|ARM.ActiveCfg = Debug|Any CPU
		{4E1639A3-EFFB-44FC-BE83-28633A293F4D}.Debug|ARM.Build.0 = Debug|Any CPU
		{4E1639A3-EFFB-44FC-BE83-28633A293F4D}.Debug|ARM.Deploy.0 = Debug|Any CPU
		{4E1639A3-EFFB-44FC-BE83-28633A293F4D}.Debug|iPhone.ActiveCfg = Debug|Any CPU
		{4E1639A3-EFFB-44FC-BE83-28633A293F4D}.Debug|iPhone.Build.0 = Debug|Any CPU
		{4E1639A3-EFFB-44FC-BE83-28633A293F4D}.Debug|iPhone.Deploy.0 = Debug|Any CPU
		{4E1639A3-EFFB-44FC-BE83-28633A293F4D}.Debug|iPhoneSimulator.ActiveCfg = Debug|Any CPU
		{4E1639A3-EFFB-44FC-BE83-28633A293F4D}.Debug|iPhoneSimulator.Build.0 = Debug|Any CPU
		{4E1639A3-EFFB-44FC-BE83-28633A293F4D}.Debug|iPhoneSimulator.Deploy.0 = Debug|Any CPU
		{4E1639A3-EFFB-44FC-BE83-28633A293F4D}.Debug|x64.ActiveCfg = Debug|Any CPU
		{4E1639A3-EFFB-44FC-BE83-28633A293F4D}.Debug|x64.Build.0 = Debug|Any CPU
		{4E1639A3-EFFB-44FC-BE83-28633A293F4D}.Debug|x64.Deploy.0 = Debug|Any CPU
		{4E1639A3-EFFB-44FC-BE83-28633A293F4D}.Debug|x86.ActiveCfg = Debug|Any CPU
		{4E1639A3-EFFB-44FC-BE83-28633A293F4D}.Debug|x86.Build.0 = Debug|Any CPU
		{4E1639A3-EFFB-44FC-BE83-28633A293F4D}.Debug|x86.Deploy.0 = Debug|Any CPU
		{4E1639A3-EFFB-44FC-BE83-28633A293F4D}.Release|Any CPU.ActiveCfg = Release|Any CPU
		{4E1639A3-EFFB-44FC-BE83-28633A293F4D}.Release|Any CPU.Build.0 = Release|Any CPU
		{4E1639A3-EFFB-44FC-BE83-28633A293F4D}.Release|Any CPU.Deploy.0 = Release|Any CPU
		{4E1639A3-EFFB-44FC-BE83-28633A293F4D}.Release|ARM.ActiveCfg = Release|Any CPU
		{4E1639A3-EFFB-44FC-BE83-28633A293F4D}.Release|ARM.Build.0 = Release|Any CPU
		{4E1639A3-EFFB-44FC-BE83-28633A293F4D}.Release|ARM.Deploy.0 = Release|Any CPU
		{4E1639A3-EFFB-44FC-BE83-28633A293F4D}.Release|iPhone.ActiveCfg = Release|Any CPU
		{4E1639A3-EFFB-44FC-BE83-28633A293F4D}.Release|iPhone.Build.0 = Release|Any CPU
		{4E1639A3-EFFB-44FC-BE83-28633A293F4D}.Release|iPhone.Deploy.0 = Release|Any CPU
		{4E1639A3-EFFB-44FC-BE83-28633A293F4D}.Release|iPhoneSimulator.ActiveCfg = Release|Any CPU
		{4E1639A3-EFFB-44FC-BE83-28633A293F4D}.Release|iPhoneSimulator.Build.0 = Release|Any CPU
		{4E1639A3-EFFB-44FC-BE83-28633A293F4D}.Release|iPhoneSimulator.Deploy.0 = Release|Any CPU
		{4E1639A3-EFFB-44FC-BE83-28633A293F4D}.Release|x64.ActiveCfg = Release|Any CPU
		{4E1639A3-EFFB-44FC-BE83-28633A293F4D}.Release|x64.Build.0 = Release|Any CPU
		{4E1639A3-EFFB-44FC-BE83-28633A293F4D}.Release|x64.Deploy.0 = Release|Any CPU
		{4E1639A3-EFFB-44FC-BE83-28633A293F4D}.Release|x86.ActiveCfg = Release|Any CPU
		{4E1639A3-EFFB-44FC-BE83-28633A293F4D}.Release|x86.Build.0 = Release|Any CPU
		{4E1639A3-EFFB-44FC-BE83-28633A293F4D}.Release|x86.Deploy.0 = Release|Any CPU
	EndGlobalSection
	GlobalSection(SolutionProperties) = preSolution
		HideSolutionNode = FALSE
	EndGlobalSection
	GlobalSection(ExtensibilityGlobals) = postSolution
		SolutionGuid = {39DDD21F-C3EA-47D1-B2FF-61BDDA5DAE32}
	EndGlobalSection
EndGlobal
